
Microsoft Visual Studio Solution File, Format Version 12.00
# Visual Studio 15
VisualStudioVersion = 15.0.27130.2036
MinimumVisualStudioVersion = 10.0.40219.1
Project("{FAE04EC0-301F-11D3-BF4B-00C04F79EFBC}") = "Conditionals", "Conditionals\Conditionals.csproj", "{2B1C6EF9-8BBC-4AF6-9CEB-F9133DC0ECE1}"
EndProject
Global
	GlobalSection(SolutionConfigurationPlatforms) = preSolution
		Debug|Any CPU = Debug|Any CPU
		Release|Any CPU = Release|Any CPU
	EndGlobalSection
	GlobalSection(ProjectConfigurationPlatforms) = postSolution
		{2B1C6EF9-8BBC-4AF6-9CEB-F9133DC0ECE1}.Debug|Any CPU.ActiveCfg = Debug|Any CPU
		{2B1C6EF9-8BBC-4AF6-9CEB-F9133DC0ECE1}.Debug|Any CPU.Build.0 = Debug|Any CPU
		{2B1C6EF9-8BBC-4AF6-9CEB-F9133DC0ECE1}.Release|Any CPU.ActiveCfg = Release|Any CPU
		{2B1C6EF9-8BBC-4AF6-9CEB-F9133DC0ECE1}.Release|Any CPU.Build.0 = Release|Any CPU
	EndGlobalSection
	GlobalSection(SolutionProperties) = preSolution
		HideSolutionNode = FALSE
	EndGlobalSection
	GlobalSection(ExtensibilityGlobals) = postSolution
		SolutionGuid = {49FBC574-986D-4DE1-8238-3FDDB5FB5F72}
	EndGlobalSection
EndGlobal
